
Microsoft Visual Studio Solution File, Format Version 12.00
# Visual Studio Version 17
VisualStudioVersion = 17.4.33213.308
MinimumVisualStudioVersion = 10.0.40219.1
Project("{FAE04EC0-301F-11D3-BF4B-00C04F79EFBC}") = "BackEndCRUD", "BackEndCRUD\BackEndCRUD.csproj", "{1CE2D9A7-5243-4409-85E9-E869E8891683}"
EndProject
Global
	GlobalSection(SolutionConfigurationPlatforms) = preSolution
		Debug|Any CPU = Debug|Any CPU
		Release|Any CPU = Release|Any CPU
	EndGlobalSection
	GlobalSection(ProjectConfigurationPlatforms) = postSolution
		{1CE2D9A7-5243-4409-85E9-E869E8891683}.Debug|Any CPU.ActiveCfg = Debug|Any CPU
		{1CE2D9A7-5243-4409-85E9-E869E8891683}.Debug|Any CPU.Build.0 = Debug|Any CPU
		{1CE2D9A7-5243-4409-85E9-E869E8891683}.Release|Any CPU.ActiveCfg = Release|Any CPU
		{1CE2D9A7-5243-4409-85E9-E869E8891683}.Release|Any CPU.Build.0 = Release|Any CPU
	EndGlobalSection
	GlobalSection(SolutionProperties) = preSolution
		HideSolutionNode = FALSE
	EndGlobalSection
	GlobalSection(ExtensibilityGlobals) = postSolution
		SolutionGuid = {6C4118A5-77DD-462D-B72C-9D7C181758A1}
	EndGlobalSection
EndGlobal
